dependencies:
  espressif/cmake_utilities:
    component_hash: 6983933aa165d5c1bd8ff3716f8873b4dd8577020d9176d22d8568b139ff8753
    source:
      service_url: https://api.components.espressif.com/
      type: service
    version: 0.1.0
  idf:
    component_hash: null
    source:
      type: idf
    version: 4.4.4
manifest_hash: 2cd1b88d45d953075aacf034f92fa61a97c29a035daf15db1209e317e42b0528
target: esp32
version: 1.0.0
